// !$*UTF8*$!
{
	archiveVersion = 1;
	classes = {
	};
	objectVersion = 45;
	objects = {

/* Begin PBXBuildFile section */
		1D3623260D0F684500981E51 /* BussyAppDelegate.m in Sources */ = {isa = PBXBuildFile; fileRef = 1D3623250D0F684500981E51 /* BussyAppDelegate.m */; };
		1D60589B0D05DD56006BFB54 /* main.m in Sources */ = {isa = PBXBuildFile; fileRef = 29B97316FDCFA39411CA2CEA /* main.m */; };
		1D60589F0D05DD5A006BFB54 /* Foundation.framework in Frameworks */ = {isa = PBXBuildFile; fileRef = 1D30AB110D05D00D00671497 /* Foundation.framework */; };
		1DF5F4E00D08C38300B7A737 /* UIKit.framework in Frameworks */ = {isa = PBXBuildFile; fileRef = 1DF5F4DF0D08C38300B7A737 /* UIKit.framework */; };
		2899E5220DE3E06400AC0155 /* BussyViewController.xib in Resources */ = {isa = PBXBuildFile; fileRef = 2899E5210DE3E06400AC0155 /* BussyViewController.xib */; };
		28AD733F0D9D9553002E5188 /* MainWindow.xib in Resources */ = {isa = PBXBuildFile; fileRef = 28AD733E0D9D9553002E5188 /* MainWindow.xib */; };
		28D7ACF80DDB3853001CB0EB /* BussyViewController.m in Sources */ = {isa = PBXBuildFile; fileRef = 28D7ACF70DDB3853001CB0EB /* BussyViewController.m */; };
		930DFEE50EB2C642006D5067 /* AddFavoriteViewController.m in Sources */ = {isa = PBXBuildFile; fileRef = 930DFEE40EB2C642006D5067 /* AddFavoriteViewController.m */; };
		930DFEE70EB2C7A6006D5067 /* AddFavorite.xib in Resources */ = {isa = PBXBuildFile; fileRef = 930DFEE60EB2C7A6006D5067 /* AddFavorite.xib */; };
		934135EA0E9F023200E3F022 /* CoreGraphics.framework in Frameworks */ = {isa = PBXBuildFile; fileRef = 934135E90E9F023200E3F022 /* CoreGraphics.framework */; };
		9341360A0E9F071E00E3F022 /* ArrivalsViewController.m in Sources */ = {isa = PBXBuildFile; fileRef = 934136090E9F071E00E3F022 /* ArrivalsViewController.m */; };
		9341360C0E9F075600E3F022 /* Arrival.xib in Resources */ = {isa = PBXBuildFile; fileRef = 9341360B0E9F075600E3F022 /* Arrival.xib */; };
		9386EFF50EB2E32800833CD9 /* Icon.png in Resources */ = {isa = PBXBuildFile; fileRef = 9386EFF40EB2E32800833CD9 /* Icon.png */; };
		93A495230EA1B972005ED025 /* libsqlite3.dylib in Frameworks */ = {isa = PBXBuildFile; fileRef = 93A495220EA1B972005ED025 /* libsqlite3.dylib */; };
		93A495360EA1C5D1005ED025 /* bus.db in Resources */ = {isa = PBXBuildFile; fileRef = 93A495350EA1C5D1005ED025 /* bus.db */; };
		93A495420EA2F372005ED025 /* Stop.m in Sources */ = {isa = PBXBuildFile; fileRef = 93A495410EA2F372005ED025 /* Stop.m */; };
		93A496290EA4272C005ED025 /* Event.m in Sources */ = {isa = PBXBuildFile; fileRef = 93A496280EA4272C005ED025 /* Event.m */; };
		93A4962C0EA42A5D005ED025 /* EventBuilder.m in Sources */ = {isa = PBXBuildFile; fileRef = 93A4962B0EA42A5D005ED025 /* EventBuilder.m */; };
		93F2049F0EA9B721004CF17F /* Stop.png in Resources */ = {isa = PBXBuildFile; fileRef = 93F2049E0EA9B721004CF17F /* Stop.png */; };
		93F2051A0EAA64EA004CF17F /* FavoritesViewController.m in Sources */ = {isa = PBXBuildFile; fileRef = 93F205190EAA64EA004CF17F /* FavoritesViewController.m */; };
/* End PBXBuildFile section */

/* Begin PBXFileReference section */
		1D30AB110D05D00D00671497 /* Foundation.framework */ = {isa = PBXFileReference; lastKnownFileType = wrapper.framework; name = Foundation.framework; path = System/Library/Frameworks/Foundation.framework; sourceTree = SDKROOT; };
		1D3623240D0F684500981E51 /* BussyAppDelegate.h */ = {isa = PBXFileReference; fileEncoding = 4; lastKnownFileType = sourcecode.c.h; path = BussyAppDelegate.h; sourceTree = "<group>"; };
		1D3623250D0F684500981E51 /* BussyAppDelegate.m */ = {isa = PBXFileReference; fileEncoding = 4; lastKnownFileType = sourcecode.c.objc; path = BussyAppDelegate.m; sourceTree = "<group>"; };
		1D6058910D05DD3D006BFB54 /* Bussy.app */ = {isa = PBXFileReference; explicitFileType = wrapper.application; includeInIndex = 0; path = Bussy.app; sourceTree = BUILT_PRODUCTS_DIR; };
		1DF5F4DF0D08C38300B7A737 /* UIKit.framework */ = {isa = PBXFileReference; lastKnownFileType = wrapper.framework; name = UIKit.framework; path = System/Library/Frameworks/UIKit.framework; sourceTree = SDKROOT; };
		2899E5210DE3E06400AC0155 /* BussyViewController.xib */ = {isa = PBXFileReference; lastKnownFileType = file.xib; path = BussyViewController.xib; sourceTree = "<group>"; };
		28AD733E0D9D9553002E5188 /* MainWindow.xib */ = {isa = PBXFileReference; lastKnownFileType = file.xib; path = MainWindow.xib; sourceTree = "<group>"; };
		28D7ACF60DDB3853001CB0EB /* BussyViewController.h */ = {isa = PBXFileReference; fileEncoding = 4; lastKnownFileType = sourcecode.c.h; path = BussyViewController.h; sourceTree = "<group>"; };
		28D7ACF70DDB3853001CB0EB /* BussyViewController.m */ = {isa = PBXFileReference; fileEncoding = 4; lastKnownFileType = sourcecode.c.objc; path = BussyViewController.m; sourceTree = "<group>"; };
		29B97316FDCFA39411CA2CEA /* main.m */ = {isa = PBXFileReference; fileEncoding = 4; lastKnownFileType = sourcecode.c.objc; path = main.m; sourceTree = "<group>"; };
		32CA4F630368D1EE00C91783 /* Bussy_Prefix.pch */ = {isa = PBXFileReference; fileEncoding = 4; lastKnownFileType = sourcecode.c.h; path = Bussy_Prefix.pch; sourceTree = "<group>"; };
		8D1107310486CEB800E47090 /* Info.plist */ = {isa = PBXFileReference; fileEncoding = 4; lastKnownFileType = text.plist.xml; path = Info.plist; sourceTree = "<group>"; };
		930DFEE30EB2C642006D5067 /* AddFavoriteViewController.h */ = {isa = PBXFileReference; fileEncoding = 4; lastKnownFileType = sourcecode.c.h; path = AddFavoriteViewController.h; sourceTree = "<group>"; };
		930DFEE40EB2C642006D5067 /* AddFavoriteViewController.m */ = {isa = PBXFileReference; fileEncoding = 4; lastKnownFileType = sourcecode.c.objc; path = AddFavoriteViewController.m; sourceTree = "<group>"; };
		930DFEE60EB2C7A6006D5067 /* AddFavorite.xib */ = {isa = PBXFileReference; lastKnownFileType = file.xib; path = AddFavorite.xib; sourceTree = "<group>"; };
		934135E90E9F023200E3F022 /* CoreGraphics.framework */ = {isa = PBXFileReference; lastKnownFileType = wrapper.framework; name = CoreGraphics.framework; path = System/Library/Frameworks/CoreGraphics.framework; sourceTree = SDKROOT; };
		934136080E9F071E00E3F022 /* ArrivalsViewController.h */ = {isa = PBXFileReference; fileEncoding = 4; lastKnownFileType = sourcecode.c.h; path = ArrivalsViewController.h; sourceTree = "<group>"; };
		934136090E9F071E00E3F022 /* ArrivalsViewController.m */ = {isa = PBXFileReference; fileEncoding = 4; lastKnownFileType = sourcecode.c.objc; path = ArrivalsViewController.m; sourceTree = "<group>"; };
		9341360B0E9F075600E3F022 /* Arrival.xib */ = {isa = PBXFileReference; lastKnownFileType = file.xib; path = Arrival.xib; sourceTree = "<group>"; };
		9386EFF40EB2E32800833CD9 /* Icon.png */ = {isa = PBXFileReference; lastKnownFileType = image.png; path = Icon.png; sourceTree = "<group>"; };
		93A495220EA1B972005ED025 /* libsqlite3.dylib */ = {isa = PBXFileReference; lastKnownFileType = "compiled.mach-o.dylib"; name = libsqlite3.dylib; path = usr/lib/libsqlite3.dylib; sourceTree = SDKROOT; };
		93A495350EA1C5D1005ED025 /* bus.db */ = {isa = PBXFileReference; lastKnownFileType = file; path = bus.db; sourceTree = "<group>"; };
		93A495400EA2F372005ED025 /* Stop.h */ = {isa = PBXFileReference; fileEncoding = 4; lastKnownFileType = sourcecode.c.h; path = Stop.h; sourceTree = "<group>"; };
		93A495410EA2F372005ED025 /* Stop.m */ = {isa = PBXFileReference; fileEncoding = 4; lastKnownFileType = sourcecode.c.objc; path = Stop.m; sourceTree = "<group>"; };
		93A496270EA4272C005ED025 /* Event.h */ = {isa = PBXFileReference; fileEncoding = 4; lastKnownFileType = sourcecode.c.h; path = Event.h; sourceTree = "<group>"; };
		93A496280EA4272C005ED025 /* Event.m */ = {isa = PBXFileReference; fileEncoding = 4; lastKnownFileType = sourcecode.c.objc; path = Event.m; sourceTree = "<group>"; };
		93A4962A0EA42A5D005ED025 /* EventBuilder.h */ = {isa = PBXFileReference; fileEncoding = 4; lastKnownFileType = sourcecode.c.h; path = EventBuilder.h; sourceTree = "<group>"; };
		93A4962B0EA42A5D005ED025 /* EventBuilder.m */ = {isa = PBXFileReference; fileEncoding = 4; lastKnownFileType = sourcecode.c.objc; path = EventBuilder.m; sourceTree = "<group>"; };
		93F2049E0EA9B721004CF17F /* Stop.png */ = {isa = PBXFileReference; lastKnownFileType = image.png; path = Stop.png; sourceTree = "<group>"; };
		93F205180EAA64EA004CF17F /* FavoritesViewController.h */ = {isa = PBXFileReference; fileEncoding = 4; lastKnownFileType = sourcecode.c.h; path = FavoritesViewController.h; sourceTree = "<group>"; };
		93F205190EAA64EA004CF17F /* FavoritesViewController.m */ = {isa = PBXFileReference; fileEncoding = 4; lastKnownFileType = sourcecode.c.objc; path = FavoritesViewController.m; sourceTree = "<group>"; };
/* End PBXFileReference section */

/* Begin PBXFrameworksBuildPhase section */
		1D60588F0D05DD3D006BFB54 /* Frameworks */ = {
			isa = PBXFrameworksBuildPhase;
			buildActionMask = 2147483647;
			files = (
				1D60589F0D05DD5A006BFB54 /* Foundation.framework in Frameworks */,
				1DF5F4E00D08C38300B7A737 /* UIKit.framework in Frameworks */,
				934135EA0E9F023200E3F022 /* CoreGraphics.framework in Frameworks */,
				93A495230EA1B972005ED025 /* libsqlite3.dylib in Frameworks */,
			);
			runOnlyForDeploymentPostprocessing = 0;
		};
/* End PBXFrameworksBuildPhase section */

/* Begin PBXGroup section */
		080E96DDFE201D6D7F000001 /* Classes */ = {
			isa = PBXGroup;
			children = (
				1D3623240D0F684500981E51 /* BussyAppDelegate.h */,
				1D3623250D0F684500981E51 /* BussyAppDelegate.m */,
				28D7ACF60DDB3853001CB0EB /* BussyViewController.h */,
				28D7ACF70DDB3853001CB0EB /* BussyViewController.m */,
				934136080E9F071E00E3F022 /* ArrivalsViewController.h */,
				934136090E9F071E00E3F022 /* ArrivalsViewController.m */,
				93A495400EA2F372005ED025 /* Stop.h */,
				93A495410EA2F372005ED025 /* Stop.m */,
				93A496270EA4272C005ED025 /* Event.h */,
				93A496280EA4272C005ED025 /* Event.m */,
				93A4962A0EA42A5D005ED025 /* EventBuilder.h */,
				93A4962B0EA42A5D005ED025 /* EventBuilder.m */,
				93F205180EAA64EA004CF17F /* FavoritesViewController.h */,
				93F205190EAA64EA004CF17F /* FavoritesViewController.m */,
				930DFEE30EB2C642006D5067 /* AddFavoriteViewController.h */,
				930DFEE40EB2C642006D5067 /* AddFavoriteViewController.m */,
			);
			path = Classes;
			sourceTree = "<group>";
		};
		19C28FACFE9D520D11CA2CBB /* Products */ = {
			isa = PBXGroup;
			children = (
				1D6058910D05DD3D006BFB54 /* Bussy.app */,
			);
			name = Products;
			sourceTree = "<group>";
		};
		29B97314FDCFA39411CA2CEA /* CustomTemplate */ = {
			isa = PBXGroup;
			children = (
				080E96DDFE201D6D7F000001 /* Classes */,
				29B97315FDCFA39411CA2CEA /* Other Sources */,
				29B97317FDCFA39411CA2CEA /* Resources */,
				29B97323FDCFA39411CA2CEA /* Frameworks */,
				19C28FACFE9D520D11CA2CBB /* Products */,
			);
			name = CustomTemplate;
			sourceTree = "<group>";
		};
		29B97315FDCFA39411CA2CEA /* Other Sources */ = {
			isa = PBXGroup;
			children = (
				32CA4F630368D1EE00C91783 /* Bussy_Prefix.pch */,
				29B97316FDCFA39411CA2CEA /* main.m */,
			);
			name = "Other Sources";
			sourceTree = "<group>";
		};
		29B97317FDCFA39411CA2CEA /* Resources */ = {
			isa = PBXGroup;
			children = (
				9386EFF40EB2E32800833CD9 /* Icon.png */,
				93F2049E0EA9B721004CF17F /* Stop.png */,
				93A495350EA1C5D1005ED025 /* bus.db */,
				2899E5210DE3E06400AC0155 /* BussyViewController.xib */,
				28AD733E0D9D9553002E5188 /* MainWindow.xib */,
				8D1107310486CEB800E47090 /* Info.plist */,
				9341360B0E9F075600E3F022 /* Arrival.xib */,
				930DFEE60EB2C7A6006D5067 /* AddFavorite.xib */,
			);
			name = Resources;
			sourceTree = "<group>";
		};
		29B97323FDCFA39411CA2CEA /* Frameworks */ = {
			isa = PBXGroup;
			children = (
				93A495220EA1B972005ED025 /* libsqlite3.dylib */,
				934135E90E9F023200E3F022 /* CoreGraphics.framework */,
				1DF5F4DF0D08C38300B7A737 /* UIKit.framework */,
				1D30AB110D05D00D00671497 /* Foundation.framework */,
			);
			name = Frameworks;
			sourceTree = "<group>";
		};
/* End PBXGroup section */

/* Begin PBXNativeTarget section */
		1D6058900D05DD3D006BFB54 /* Bussy */ = {
			isa = PBXNativeTarget;
			buildConfigurationList = 1D6058960D05DD3E006BFB54 /* Build configuration list for PBXNativeTarget "Bussy" */;
			buildPhases = (
				1D60588D0D05DD3D006BFB54 /* Resources */,
				1D60588E0D05DD3D006BFB54 /* Sources */,
				1D60588F0D05DD3D006BFB54 /* Frameworks */,
			);
			buildRules = (
			);
			dependencies = (
			);
			name = Bussy;
			productName = Bussy;
			productReference = 1D6058910D05DD3D006BFB54 /* Bussy.app */;
			productType = "com.apple.product-type.application";
		};
/* End PBXNativeTarget section */

/* Begin PBXProject section */
		29B97313FDCFA39411CA2CEA /* Project object */ = {
			isa = PBXProject;
			buildConfigurationList = C01FCF4E08A954540054247B /* Build configuration list for PBXProject "Bussy" */;
			compatibilityVersion = "Xcode 3.1";
			hasScannedForEncodings = 1;
			mainGroup = 29B97314FDCFA39411CA2CEA /* CustomTemplate */;
			projectDirPath = "";
			projectRoot = "";
			targets = (
				1D6058900D05DD3D006BFB54 /* Bussy */,
			);
		};
/* End PBXProject section */

/* Begin PBXResourcesBuildPhase section */
		1D60588D0D05DD3D006BFB54 /* Resources */ = {
			isa = PBXResourcesBuildPhase;
			buildActionMask = 2147483647;
			files = (
				28AD733F0D9D9553002E5188 /* MainWindow.xib in Resources */,
				2899E5220DE3E06400AC0155 /* BussyViewController.xib in Resources */,
				9341360C0E9F075600E3F022 /* Arrival.xib in Resources */,
				93A495360EA1C5D1005ED025 /* bus.db in Resources */,
				93F2049F0EA9B721004CF17F /* Stop.png in Resources */,
				930DFEE70EB2C7A6006D5067 /* AddFavorite.xib in Resources */,
				9386EFF50EB2E32800833CD9 /* Icon.png in Resources */,
			);
			runOnlyForDeploymentPostprocessing = 0;
		};
/* End PBXResourcesBuildPhase section */

/* Begin PBXSourcesBuildPhase section */
		1D60588E0D05DD3D006BFB54 /* Sources */ = {
			isa = PBXSourcesBuildPhase;
			buildActionMask = 2147483647;
			files = (
				1D60589B0D05DD56006BFB54 /* main.m in Sources */,
				1D3623260D0F684500981E51 /* BussyAppDelegate.m in Sources */,
				28D7ACF80DDB3853001CB0EB /* BussyViewController.m in Sources */,
				9341360A0E9F071E00E3F022 /* ArrivalsViewController.m in Sources */,
				93A495420EA2F372005ED025 /* Stop.m in Sources */,
				93A496290EA4272C005ED025 /* Event.m in Sources */,
				93A4962C0EA42A5D005ED025 /* EventBuilder.m in Sources */,
				93F2051A0EAA64EA004CF17F /* FavoritesViewController.m in Sources */,
				930DFEE50EB2C642006D5067 /* AddFavoriteViewController.m in Sources */,
			);
			runOnlyForDeploymentPostprocessing = 0;
		};
/* End PBXSourcesBuildPhase section */

/* Begin XCBuildConfiguration section */
		1D6058940D05DD3E006BFB54 /* Debug */ = {
			isa = XCBuildConfiguration;
			buildSettings = {
				ALWAYS_SEARCH_USER_PATHS = NO;
				"CODE_SIGN_IDENTITY[sdk=iphoneos2.1]" = "iPhone Developer: Aaron Patterson";
				COPY_PHASE_STRIP = NO;
				GCC_DYNAMIC_NO_PIC = NO;
				GCC_OPTIMIZATION_LEVEL = 0;
				GCC_PRECOMPILE_PREFIX_HEADER = YES;
				GCC_PREFIX_HEADER = Bussy_Prefix.pch;
				HEADER_SEARCH_PATHS = /Developer/Platforms/iPhoneOS.platform/Developer/SDKs/iPhoneOS2.0.sdk/usr/include/libxml2;
				INFOPLIST_FILE = Info.plist;
				LIBRARY_SEARCH_PATHS = (
					"$(inherited)",
					"\"$(SRCROOT)\"",
				);
				PRODUCT_NAME = Bussy;
				"PROVISIONING_PROFILE[sdk=iphoneos2.1]" = "97DE4F1F-B35E-4D39-95AF-7879A301D879";
			};
			name = Debug;
		};
		1D6058950D05DD3E006BFB54 /* Release */ = {
			isa = XCBuildConfiguration;
			buildSettings = {
				ALWAYS_SEARCH_USER_PATHS = NO;
				COPY_PHASE_STRIP = YES;
				GCC_PRECOMPILE_PREFIX_HEADER = YES;
				GCC_PREFIX_HEADER = Bussy_Prefix.pch;
				INFOPLIST_FILE = Info.plist;
				LIBRARY_SEARCH_PATHS = (
					"$(inherited)",
					"\"$(SRCROOT)\"",
				);
				PRODUCT_NAME = Bussy;
			};
			name = Release;
		};
		C01FCF4F08A954540054247B /* Debug */ = {
			isa = XCBuildConfiguration;
			buildSettings = {
				ARCHS = "$(ARCHS_STANDARD_32_BIT)";
				"CODE_SIGN_IDENTITY[sdk=iphoneos*]" = "iPhone Developer";
				GCC_C_LANGUAGE_STANDARD = c99;
				GCC_WARN_ABOUT_RETURN_TYPE = YES;
				GCC_WARN_UNUSED_VARIABLE = YES;
				ONLY_ACTIVE_ARCH = YES;
				PREBINDING = NO;
				SDKROOT = iphoneos2.0;
			};
			name = Debug;
		};
		C01FCF5008A954540054247B /* Release */ = {
			isa = XCBuildConfiguration;
			buildSettings = {
				ARCHS = "$(ARCHS_STANDARD_32_BIT)";
				"CODE_SIGN_IDENTITY[sdk=iphoneos*]" = "iPhone Developer";
				GCC_C_LANGUAGE_STANDARD = c99;
				GCC_WARN_ABOUT_RETURN_TYPE = YES;
				GCC_WARN_UNUSED_VARIABLE = YES;
				PREBINDING = NO;
				SDKROOT = iphoneos2.0;
			};
			name = Release;
		};
/* End XCBuildConfiguration section */

/* Begin XCConfigurationList section */
		1D6058960D05DD3E006BFB54 /* Build configuration list for PBXNativeTarget "Bussy" */ = {
			isa = XCConfigurationList;
			buildConfigurations = (
				1D6058940D05DD3E006BFB54 /* Debug */,
				1D6058950D05DD3E006BFB54 /* Release */,
			);
			defaultConfigurationIsVisible = 0;
			defaultConfigurationName = Release;
		};
		C01FCF4E08A954540054247B /* Build configuration list for PBXProject "Bussy" */ = {
			isa = XCConfigurationList;
			buildConfigurations = (
				C01FCF4F08A954540054247B /* Debug */,
				C01FCF5008A954540054247B /* Release */,
			);
			defaultConfigurationIsVisible = 0;
			defaultConfigurationName = Release;
		};
/* End XCConfigurationList section */
	};
	rootObject = 29B97313FDCFA39411CA2CEA /* Project object */;
}
